// !$*UTF8*$!
{
	archiveVersion = 1;
	classes = {
	};
	objectVersion = 50;
	objects = {

/* Begin PBXBuildFile section */
		C8F8362027B82DF8003FFF6D /* AppDelegate.swift in Sources */ = {isa = PBXBuildFile; fileRef = C8F8361F27B82DF8003FFF6D /* AppDelegate.swift */; };
		C8F8362227B82DF8003FFF6D /* SceneDelegate.swift in Sources */ = {isa = PBXBuildFile; fileRef = C8F8362127B82DF8003FFF6D /* SceneDelegate.swift */; };
		C8F8362427B82DF8003FFF6D /* ViewController.swift in Sources */ = {isa = PBXBuildFile; fileRef = C8F8362327B82DF8003FFF6D /* ViewController.swift */; };
		C8F8362727B82DF8003FFF6D /* Main.storyboard in Resources */ = {isa = PBXBuildFile; fileRef = C8F8362527B82DF8003FFF6D /* Main.storyboard */; };
		C8F8362927B82DFB003FFF6D /* Assets.xcassets in Resources */ = {isa = PBXBuildFile; fileRef = C8F8362827B82DFB003FFF6D /* Assets.xcassets */; };
		C8F8362C27B82DFB003FFF6D /* LaunchScreen.storyboard in Resources */ = {isa = PBXBuildFile; fileRef = C8F8362A27B82DFB003FFF6D /* LaunchScreen.storyboard */; };
		C8F8363727B82DFC003FFF6D /* RPSTests.swift in Sources */ = {isa = PBXBuildFile; fileRef = C8F8363627B82DFC003FFF6D /* RPSTests.swift */; };
		C8F8364227B82DFC003FFF6D /* RPSUITests.swift in Sources */ = {isa = PBXBuildFile; fileRef = C8F8364127B82DFC003FFF6D /* RPSUITests.swift */; };
		C8F8365227B834A2003FFF6D /* GameState.swift in Sources */ = {isa = PBXBuildFile; fileRef = C8F8365127B834A2003FFF6D /* GameState.swift */; };
		C8F8365427B83515003FFF6D /* Sign.swift in Sources */ = {isa = PBXBuildFile; fileRef = C8F8365327B83515003FFF6D /* Sign.swift */; };
/* End PBXBuildFile section */

/* Begin PBXContainerItemProxy section */
		C8F8363327B82DFC003FFF6D /* PBXContainerItemProxy */ = {
			isa = PBXContainerItemProxy;
			containerPortal = C8F8361427B82DF8003FFF6D /* Project object */;
			proxyType = 1;
			remoteGlobalIDString = C8F8361B27B82DF8003FFF6D;
			remoteInfo = RPS;
		};
		C8F8363E27B82DFC003FFF6D /* PBXContainerItemProxy */ = {
			isa = PBXContainerItemProxy;
			containerPortal = C8F8361427B82DF8003FFF6D /* Project object */;
			proxyType = 1;
			remoteGlobalIDString = C8F8361B27B82DF8003FFF6D;
			remoteInfo = RPS;
		};
/* End PBXContainerItemProxy section */

/* Begin PBXFileReference section */
		C8F8361C27B82DF8003FFF6D /* RPS.app */ = {isa = PBXFileReference; explicitFileType = wrapper.application; includeInIndex = 0; path = RPS.app; sourceTree = BUILT_PRODUCTS_DIR; };
		C8F8361F27B82DF8003FFF6D /* AppDelegate.swift */ = {isa = PBXFileReference; lastKnownFileType = sourcecode.swift; path = AppDelegate.swift; sourceTree = "<group>"; };
		C8F8362127B82DF8003FFF6D /* SceneDelegate.swift */ = {isa = PBXFileReference; lastKnownFileType = sourcecode.swift; path = SceneDelegate.swift; sourceTree = "<group>"; };
		C8F8362327B82DF8003FFF6D /* ViewController.swift */ = {isa = PBXFileReference; lastKnownFileType = sourcecode.swift; path = ViewController.swift; sourceTree = "<group>"; };
		C8F8362627B82DF8003FFF6D /* Base */ = {isa = PBXFileReference; lastKnownFileType = file.storyboard; name = Base; path = Base.lproj/Main.storyboard; sourceTree = "<group>"; };
		C8F8362827B82DFB003FFF6D /* Assets.xcassets */ = {isa = PBXFileReference; lastKnownFileType = folder.assetcatalog; path = Assets.xcassets; sourceTree = "<group>"; };
		C8F8362B27B82DFB003FFF6D /* Base */ = {isa = PBXFileReference; lastKnownFileType = file.storyboard; name = Base; path = Base.lproj/LaunchScreen.storyboard; sourceTree = "<group>"; };
		C8F8362D27B82DFB003FFF6D /* Info.plist */ = {isa = PBXFileReference; lastKnownFileType = text.plist.xml; path = Info.plist; sourceTree = "<group>"; };
		C8F8363227B82DFC003FFF6D /* RPSTests.xctest */ = {isa = PBXFileReference; explicitFileType = wrapper.cfbundle; includeInIndex = 0; path = RPSTests.xctest; sourceTree = BUILT_PRODUCTS_DIR; };
		C8F8363627B82DFC003FFF6D /* RPSTests.swift */ = {isa = PBXFileReference; lastKnownFileType = sourcecode.swift; path = RPSTests.swift; sourceTree = "<group>"; };
		C8F8363827B82DFC003FFF6D /* Info.plist */ = {isa = PBXFileReference; lastKnownFileType = text.plist.xml; path = Info.plist; sourceTree = "<group>"; };
		C8F8363D27B82DFC003FFF6D /* RPSUITests.xctest */ = {isa = PBXFileReference; explicitFileType = wrapper.cfbundle; includeInIndex = 0; path = RPSUITests.xctest; sourceTree = BUILT_PRODUCTS_DIR; };
		C8F8364127B82DFC003FFF6D /* RPSUITests.swift */ = {isa = PBXFileReference; lastKnownFileType = sourcecode.swift; path = RPSUITests.swift; sourceTree = "<group>"; };
		C8F8364327B82DFC003FFF6D /* Info.plist */ = {isa = PBXFileReference; lastKnownFileType = text.plist.xml; path = Info.plist; sourceTree = "<group>"; };
		C8F8365127B834A2003FFF6D /* GameState.swift */ = {isa = PBXFileReference; lastKnownFileType = sourcecode.swift; path = GameState.swift; sourceTree = "<group>"; };
		C8F8365327B83515003FFF6D /* Sign.swift */ = {isa = PBXFileReference; lastKnownFileType = sourcecode.swift; path = Sign.swift; sourceTree = "<group>"; };
/* End PBXFileReference section */

/* Begin PBXFrameworksBuildPhase section */
		C8F8361927B82DF8003FFF6D /* Frameworks */ = {
			isa = PBXFrameworksBuildPhase;
			buildActionMask = 2147483647;
			files = (
			);
			runOnlyForDeploymentPostprocessing = 0;
		};
		C8F8362F27B82DFC003FFF6D /* Frameworks */ = {
			isa = PBXFrameworksBuildPhase;
			buildActionMask = 2147483647;
			files = (
			);
			runOnlyForDeploymentPostprocessing = 0;
		};
		C8F8363A27B82DFC003FFF6D /* Frameworks */ = {
			isa = PBXFrameworksBuildPhase;
			buildActionMask = 2147483647;
			files = (
			);
			runOnlyForDeploymentPostprocessing = 0;
		};
/* End PBXFrameworksBuildPhase section */

/* Begin PBXGroup section */
		C8F8361327B82DF8003FFF6D = {
			isa = PBXGroup;
			children = (
				C8F8361E27B82DF8003FFF6D /* RPS */,
				C8F8363527B82DFC003FFF6D /* RPSTests */,
				C8F8364027B82DFC003FFF6D /* RPSUITests */,
				C8F8361D27B82DF8003FFF6D /* Products */,
			);
			sourceTree = "<group>";
		};
		C8F8361D27B82DF8003FFF6D /* Products */ = {
			isa = PBXGroup;
			children = (
				C8F8361C27B82DF8003FFF6D /* RPS.app */,
				C8F8363227B82DFC003FFF6D /* RPSTests.xctest */,
				C8F8363D27B82DFC003FFF6D /* RPSUITests.xctest */,
			);
			name = Products;
			sourceTree = "<group>";
		};
		C8F8361E27B82DF8003FFF6D /* RPS */ = {
			isa = PBXGroup;
			children = (
				C8F8365327B83515003FFF6D /* Sign.swift */,
				C8F8365127B834A2003FFF6D /* GameState.swift */,
				C8F8361F27B82DF8003FFF6D /* AppDelegate.swift */,
				C8F8362127B82DF8003FFF6D /* SceneDelegate.swift */,
				C8F8362327B82DF8003FFF6D /* ViewController.swift */,
				C8F8362527B82DF8003FFF6D /* Main.storyboard */,
				C8F8362827B82DFB003FFF6D /* Assets.xcassets */,
				C8F8362A27B82DFB003FFF6D /* LaunchScreen.storyboard */,
				C8F8362D27B82DFB003FFF6D /* Info.plist */,
			);
			path = RPS;
			sourceTree = "<group>";
		};
		C8F8363527B82DFC003FFF6D /* RPSTests */ = {
			isa = PBXGroup;
			children = (
				C8F8363627B82DFC003FFF6D /* RPSTests.swift */,
				C8F8363827B82DFC003FFF6D /* Info.plist */,
			);
			path = RPSTests;
			sourceTree = "<group>";
		};
		C8F8364027B82DFC003FFF6D /* RPSUITests */ = {
			isa = PBXGroup;
			children = (
				C8F8364127B82DFC003FFF6D /* RPSUITests.swift */,
				C8F8364327B82DFC003FFF6D /* Info.plist */,
			);
			path = RPSUITests;
			sourceTree = "<group>";
		};
/* End PBXGroup section */

/* Begin PBXNativeTarget section */
		C8F8361B27B82DF8003FFF6D /* RPS */ = {
			isa = PBXNativeTarget;
			buildConfigurationList = C8F8364627B82DFC003FFF6D /* Build configuration list for PBXNativeTarget "RPS" */;
			buildPhases = (
				C8F8361827B82DF8003FFF6D /* Sources */,
				C8F8361927B82DF8003FFF6D /* Frameworks */,
				C8F8361A27B82DF8003FFF6D /* Resources */,
			);
			buildRules = (
			);
			dependencies = (
			);
			name = RPS;
			productName = RPS;
			productReference = C8F8361C27B82DF8003FFF6D /* RPS.app */;
			productType = "com.apple.product-type.application";
		};
		C8F8363127B82DFC003FFF6D /* RPSTests */ = {
			isa = PBXNativeTarget;
			buildConfigurationList = C8F8364927B82DFC003FFF6D /* Build configuration list for PBXNativeTarget "RPSTests" */;
			buildPhases = (
				C8F8362E27B82DFC003FFF6D /* Sources */,
				C8F8362F27B82DFC003FFF6D /* Frameworks */,
				C8F8363027B82DFC003FFF6D /* Resources */,
			);
			buildRules = (
			);
			dependencies = (
				C8F8363427B82DFC003FFF6D /* PBXTargetDependency */,
			);
			name = RPSTests;
			productName = RPSTests;
			productReference = C8F8363227B82DFC003FFF6D /* RPSTests.xctest */;
			productType = "com.apple.product-type.bundle.unit-test";
		};
		C8F8363C27B82DFC003FFF6D /* RPSUITests */ = {
			isa = PBXNativeTarget;
			buildConfigurationList = C8F8364C27B82DFC003FFF6D /* Build configuration list for PBXNativeTarget "RPSUITests" */;
			buildPhases = (
				C8F8363927B82DFC003FFF6D /* Sources */,
				C8F8363A27B82DFC003FFF6D /* Frameworks */,
				C8F8363B27B82DFC003FFF6D /* Resources */,
			);
			buildRules = (
			);
			dependencies = (
				C8F8363F27B82DFC003FFF6D /* PBXTargetDependency */,
			);
			name = RPSUITests;
			productName = RPSUITests;
			productReference = C8F8363D27B82DFC003FFF6D /* RPSUITests.xctest */;
			productType = "com.apple.product-type.bundle.ui-testing";
		};
/* End PBXNativeTarget section */

/* Begin PBXProject section */
		C8F8361427B82DF8003FFF6D /* Project object */ = {
			isa = PBXProject;
			attributes = {
				LastSwiftUpdateCheck = 1250;
				LastUpgradeCheck = 1250;
				TargetAttributes = {
					C8F8361B27B82DF8003FFF6D = {
						CreatedOnToolsVersion = 12.5.1;
					};
					C8F8363127B82DFC003FFF6D = {
						CreatedOnToolsVersion = 12.5.1;
						TestTargetID = C8F8361B27B82DF8003FFF6D;
					};
					C8F8363C27B82DFC003FFF6D = {
						CreatedOnToolsVersion = 12.5.1;
						TestTargetID = C8F8361B27B82DF8003FFF6D;
					};
				};
			};
			buildConfigurationList = C8F8361727B82DF8003FFF6D /* Build configuration list for PBXProject "RPS" */;
			compatibilityVersion = "Xcode 9.3";
			developmentRegion = en;
			hasScannedForEncodings = 0;
			knownRegions = (
				en,
				Base,
			);
			mainGroup = C8F8361327B82DF8003FFF6D;
			productRefGroup = C8F8361D27B82DF8003FFF6D /* Products */;
			projectDirPath = "";
			projectRoot = "";
			targets = (
				C8F8361B27B82DF8003FFF6D /* RPS */,
				C8F8363127B82DFC003FFF6D /* RPSTests */,
				C8F8363C27B82DFC003FFF6D /* RPSUITests */,
			);
		};
/* End PBXProject section */

/* Begin PBXResourcesBuildPhase section */
		C8F8361A27B82DF8003FFF6D /* Resources */ = {
			isa = PBXResourcesBuildPhase;
			buildActionMask = 2147483647;
			files = (
				C8F8362C27B82DFB003FFF6D /* LaunchScreen.storyboard in Resources */,
				C8F8362927B82DFB003FFF6D /* Assets.xcassets in Resources */,
				C8F8362727B82DF8003FFF6D /* Main.storyboard in Resources */,
			);
			runOnlyForDeploymentPostprocessing = 0;
		};
		C8F8363027B82DFC003FFF6D /* Resources */ = {
			isa = PBXResourcesBuildPhase;
			buildActionMask = 2147483647;
			files = (
			);
			runOnlyForDeploymentPostprocessing = 0;
		};
		C8F8363B27B82DFC003FFF6D /* Resources */ = {
			isa = PBXResourcesBuildPhase;
			buildActionMask = 2147483647;
			files = (
			);
			runOnlyForDeploymentPostprocessing = 0;
		};
/* End PBXResourcesBuildPhase section */

/* Begin PBXSourcesBuildPhase section */
		C8F8361827B82DF8003FFF6D /* Sources */ = {
			isa = PBXSourcesBuildPhase;
			buildActionMask = 2147483647;
			files = (
				C8F8362427B82DF8003FFF6D /* ViewController.swift in Sources */,
				C8F8365227B834A2003FFF6D /* GameState.swift in Sources */,
				C8F8365427B83515003FFF6D /* Sign.swift in Sources */,
				C8F8362027B82DF8003FFF6D /* AppDelegate.swift in Sources */,
				C8F8362227B82DF8003FFF6D /* SceneDelegate.swift in Sources */,
			);
			runOnlyForDeploymentPostprocessing = 0;
		};
		C8F8362E27B82DFC003FFF6D /* Sources */ = {
			isa = PBXSourcesBuildPhase;
			buildActionMask = 2147483647;
			files = (
				C8F8363727B82DFC003FFF6D /* RPSTests.swift in Sources */,
			);
			runOnlyForDeploymentPostprocessing = 0;
		};
		C8F8363927B82DFC003FFF6D /* Sources */ = {
			isa = PBXSourcesBuildPhase;
			buildActionMask = 2147483647;
			files = (
				C8F8364227B82DFC003FFF6D /* RPSUITests.swift in Sources */,
			);
			runOnlyForDeploymentPostprocessing = 0;
		};
/* End PBXSourcesBuildPhase section */

/* Begin PBXTargetDependency section */
		C8F8363427B82DFC003FFF6D /* PBXTargetDependency */ = {
			isa = PBXTargetDependency;
			target = C8F8361B27B82DF8003FFF6D /* RPS */;
			targetProxy = C8F8363327B82DFC003FFF6D /* PBXContainerItemProxy */;
		};
		C8F8363F27B82DFC003FFF6D /* PBXTargetDependency */ = {
			isa = PBXTargetDependency;
			target = C8F8361B27B82DF8003FFF6D /* RPS */;
			targetProxy = C8F8363E27B82DFC003FFF6D /* PBXContainerItemProxy */;
		};
/* End PBXTargetDependency section */

/* Begin PBXVariantGroup section */
		C8F8362527B82DF8003FFF6D /* Main.storyboard */ = {
			isa = PBXVariantGroup;
			children = (
				C8F8362627B82DF8003FFF6D /* Base */,
			);
			name = Main.storyboard;
			sourceTree = "<group>";
		};
		C8F8362A27B82DFB003FFF6D /* LaunchScreen.storyboard */ = {
			isa = PBXVariantGroup;
			children = (
				C8F8362B27B82DFB003FFF6D /* Base */,
			);
			name = LaunchScreen.storyboard;
			sourceTree = "<group>";
		};
/* End PBXVariantGroup section */

/* Begin XCBuildConfiguration section */
		C8F8364427B82DFC003FFF6D /* Debug */ = {
			isa = XCBuildConfiguration;
			buildSettings = {
				ALWAYS_SEARCH_USER_PATHS = NO;
				CLANG_ANALYZER_NONNULL = YES;
				CLANG_ANALYZER_NUMBER_OBJECT_CONVERSION = YES_AGGRESSIVE;
				CLANG_CXX_LANGUAGE_STANDARD = "gnu++14";
				CLANG_CXX_LIBRARY = "libc++";
				CLANG_ENABLE_MODULES = YES;
				CLANG_ENABLE_OBJC_ARC = YES;
				CLANG_ENABLE_OBJC_WEAK = YES;
				CLANG_WARN_BLOCK_CAPTURE_AUTORELEASING = YES;
				CLANG_WARN_BOOL_CONVERSION = YES;
				CLANG_WARN_COMMA = YES;
				CLANG_WARN_CONSTANT_CONVERSION = YES;
				CLANG_WARN_DEPRECATED_OBJC_IMPLEMENTATIONS = YES;
				CLANG_WARN_DIRECT_OBJC_ISA_USAGE = YES_ERROR;
				CLANG_WARN_DOCUMENTATION_COMMENTS = YES;
				CLANG_WARN_EMPTY_BODY = YES;
				CLANG_WARN_ENUM_CONVERSION = YES;
				CLANG_WARN_INFINITE_RECURSION = YES;
				CLANG_WARN_INT_CONVERSION = YES;
				CLANG_WARN_NON_LITERAL_NULL_CONVERSION = YES;
				CLANG_WARN_OBJC_IMPLICIT_RETAIN_SELF = YES;
				CLANG_WARN_OBJC_LITERAL_CONVERSION = YES;
				CLANG_WARN_OBJC_ROOT_CLASS = YES_ERROR;
				CLANG_WARN_QUOTED_INCLUDE_IN_FRAMEWORK_HEADER = YES;
				CLANG_WARN_RANGE_LOOP_ANALYSIS = YES;
				CLANG_WARN_STRICT_PROTOTYPES = YES;
				CLANG_WARN_SUSPICIOUS_MOVE = YES;
				CLANG_WARN_UNGUARDED_AVAILABILITY = YES_AGGRESSIVE;
				CLANG_WARN_UNREACHABLE_CODE = YES;
				CLANG_WARN__DUPLICATE_METHOD_MATCH = YES;
				COPY_PHASE_STRIP = NO;
				DEBUG_INFORMATION_FORMAT = dwarf;
				ENABLE_STRICT_OBJC_MSGSEND = YES;
				ENABLE_TESTABILITY = YES;
				GCC_C_LANGUAGE_STANDARD = gnu11;
				GCC_DYNAMIC_NO_PIC = NO;
				GCC_NO_COMMON_BLOCKS = YES;
				GCC_OPTIMIZATION_LEVEL = 0;
				GCC_PREPROCESSOR_DEFINITIONS = (
					"DEBUG=1",
					"$(inherited)",
				);
				GCC_WARN_64_TO_32_BIT_CONVERSION = YES;
				GCC_WARN_ABOUT_RETURN_TYPE = YES_ERROR;
				GCC_WARN_UNDECLARED_SELECTOR = YES;
				GCC_WARN_UNINITIALIZED_AUTOS = YES_AGGRESSIVE;
				GCC_WARN_UNUSED_FUNCTION = YES;
				GCC_WARN_UNUSED_VARIABLE = YES;
				IPHONEOS_DEPLOYMENT_TARGET = 14.5;
				MTL_ENABLE_DEBUG_INFO = INCLUDE_SOURCE;
				MTL_FAST_MATH = YES;
				ONLY_ACTIVE_ARCH = YES;
				SDKROOT = iphoneos;
				SWIFT_ACTIVE_COMPILATION_CONDITIONS = DEBUG;
				SWIFT_OPTIMIZATION_LEVEL = "-Onone";
			};
			name = Debug;
		};
		C8F8364527B82DFC003FFF6D /* Release */ = {
			isa = XCBuildConfiguration;
			buildSettings = {
				ALWAYS_SEARCH_USER_PATHS = NO;
				CLANG_ANALYZER_NONNULL = YES;
				CLANG_ANALYZER_NUMBER_OBJECT_CONVERSION = YES_AGGRESSIVE;
				CLANG_CXX_LANGUAGE_STANDARD = "gnu++14";
				CLANG_CXX_LIBRARY = "libc++";
				CLANG_ENABLE_MODULES = YES;
				CLANG_ENABLE_OBJC_ARC = YES;
				CLANG_ENABLE_OBJC_WEAK = YES;
				CLANG_WARN_BLOCK_CAPTURE_AUTORELEASING = YES;
				CLANG_WARN_BOOL_CONVERSION = YES;
				CLANG_WARN_COMMA = YES;
				CLANG_WARN_CONSTANT_CONVERSION = YES;
				CLANG_WARN_DEPRECATED_OBJC_IMPLEMENTATIONS = YES;
				CLANG_WARN_DIRECT_OBJC_ISA_USAGE = YES_ERROR;
				CLANG_WARN_DOCUMENTATION_COMMENTS = YES;
				CLANG_WARN_EMPTY_BODY = YES;
				CLANG_WARN_ENUM_CONVERSION = YES;
				CLANG_WARN_INFINITE_RECURSION = YES;
				CLANG_WARN_INT_CONVERSION = YES;
				CLANG_WARN_NON_LITERAL_NULL_CONVERSION = YES;
				CLANG_WARN_OBJC_IMPLICIT_RETAIN_SELF = YES;
				CLANG_WARN_OBJC_LITERAL_CONVERSION = YES;
				CLANG_WARN_OBJC_ROOT_CLASS = YES_ERROR;
				CLANG_WARN_QUOTED_INCLUDE_IN_FRAMEWORK_HEADER = YES;
				CLANG_WARN_RANGE_LOOP_ANALYSIS = YES;
				CLANG_WARN_STRICT_PROTOTYPES = YES;
				CLANG_WARN_SUSPICIOUS_MOVE = YES;
				CLANG_WARN_UNGUARDED_AVAILABILITY = YES_AGGRESSIVE;
				CLANG_WARN_UNREACHABLE_CODE = YES;
				CLANG_WARN__DUPLICATE_METHOD_MATCH = YES;
				COPY_PHASE_STRIP = NO;
				DEBUG_INFORMATION_FORMAT = "dwarf-with-dsym";
				ENABLE_NS_ASSERTIONS = NO;
				ENABLE_STRICT_OBJC_MSGSEND = YES;
				GCC_C_LANGUAGE_STANDARD = gnu11;
				GCC_NO_COMMON_BLOCKS = YES;
				GCC_WARN_64_TO_32_BIT_CONVERSION = YES;
				GCC_WARN_ABOUT_RETURN_TYPE = YES_ERROR;
				GCC_WARN_UNDECLARED_SELECTOR = YES;
				GCC_WARN_UNINITIALIZED_AUTOS = YES_AGGRESSIVE;
				GCC_WARN_UNUSED_FUNCTION = YES;
				GCC_WARN_UNUSED_VARIABLE = YES;
				IPHONEOS_DEPLOYMENT_TARGET = 14.5;
				MTL_ENABLE_DEBUG_INFO = NO;
				MTL_FAST_MATH = YES;
				SDKROOT = iphoneos;
				SWIFT_COMPILATION_MODE = wholemodule;
				SWIFT_OPTIMIZATION_LEVEL = "-O";
				VALIDATE_PRODUCT = YES;
			};
			name = Release;
		};
		C8F8364727B82DFC003FFF6D /* Debug */ = {
			isa = XCBuildConfiguration;
			buildSettings = {
				ASSETCATALOG_COMPILER_APPICON_NAME = AppIcon;
				ASSETCATALOG_COMPILER_GLOBAL_ACCENT_COLOR_NAME = AccentColor;
				CODE_SIGN_STYLE = Automatic;
				DEVELOPMENT_TEAM = ZXWF3WYS4X;
				INFOPLIST_FILE = RPS/Info.plist;
				LD_RUNPATH_SEARCH_PATHS = (
					"$(inherited)",
					"@executable_path/Frameworks",
				);
				PRODUCT_BUNDLE_IDENTIFIER = com.sliamand.RPS;
				PRODUCT_NAME = "$(TARGET_NAME)";
				SWIFT_VERSION = 5.0;
				TARGETED_DEVICE_FAMILY = "1,2";
			};
			name = Debug;
		};
		C8F8364827B82DFC003FFF6D /* Release */ = {
			isa = XCBuildConfiguration;
			buildSettings = {
				ASSETCATALOG_COMPILER_APPICON_NAME = AppIcon;
				ASSETCATALOG_COMPILER_GLOBAL_ACCENT_COLOR_NAME = AccentColor;
				CODE_SIGN_STYLE = Automatic;
				DEVELOPMENT_TEAM = ZXWF3WYS4X;
				INFOPLIST_FILE = RPS/Info.plist;
				LD_RUNPATH_SEARCH_PATHS = (
					"$(inherited)",
					"@executable_path/Frameworks",
				);
				PRODUCT_BUNDLE_IDENTIFIER = com.sliamand.RPS;
				PRODUCT_NAME = "$(TARGET_NAME)";
				SWIFT_VERSION = 5.0;
				TARGETED_DEVICE_FAMILY = "1,2";
			};
			name = Release;
		};
		C8F8364A27B82DFC003FFF6D /* Debug */ = {
			isa = XCBuildConfiguration;
			buildSettings = {
				ALWAYS_EMBED_SWIFT_STANDARD_LIBRARIES = YES;
				BUNDLE_LOADER = "$(TEST_HOST)";
				CODE_SIGN_STYLE = Automatic;
				DEVELOPMENT_TEAM = ZXWF3WYS4X;
				INFOPLIST_FILE = RPSTests/Info.plist;
				IPHONEOS_DEPLOYMENT_TARGET = 14.5;
				LD_RUNPATH_SEARCH_PATHS = (
					"$(inherited)",
					"@executable_path/Frameworks",
					"@loader_path/Frameworks",
				);
				PRODUCT_BUNDLE_IDENTIFIER = com.sliamand.RPSTests;
				PRODUCT_NAME = "$(TARGET_NAME)";
				SWIFT_VERSION = 5.0;
				TARGETED_DEVICE_FAMILY = "1,2";
				TEST_HOST = "$(BUILT_PRODUCTS_DIR)/RPS.app/RPS";
			};
			name = Debug;
		};
		C8F8364B27B82DFC003FFF6D /* Release */ = {
			isa = XCBuildConfiguration;
			buildSettings = {
				ALWAYS_EMBED_SWIFT_STANDARD_LIBRARIES = YES;
				BUNDLE_LOADER = "$(TEST_HOST)";
				CODE_SIGN_STYLE = Automatic;
				DEVELOPMENT_TEAM = ZXWF3WYS4X;
				INFOPLIST_FILE = RPSTests/Info.plist;
				IPHONEOS_DEPLOYMENT_TARGET = 14.5;
				LD_RUNPATH_SEARCH_PATHS = (
					"$(inherited)",
					"@executable_path/Frameworks",
					"@loader_path/Frameworks",
				);
				PRODUCT_BUNDLE_IDENTIFIER = com.sliamand.RPSTests;
				PRODUCT_NAME = "$(TARGET_NAME)";
				SWIFT_VERSION = 5.0;
				TARGETED_DEVICE_FAMILY = "1,2";
				TEST_HOST = "$(BUILT_PRODUCTS_DIR)/RPS.app/RPS";
			};
			name = Release;
		};
		C8F8364D27B82DFC003FFF6D /* Debug */ = {
			isa = XCBuildConfiguration;
			buildSettings = {
				ALWAYS_EMBED_SWIFT_STANDARD_LIBRARIES = YES;
				CODE_SIGN_STYLE = Automatic;
				DEVELOPMENT_TEAM = ZXWF3WYS4X;
				INFOPLIST_FILE = RPSUITests/Info.plist;
				LD_RUNPATH_SEARCH_PATHS = (
					"$(inherited)",
					"@executable_path/Frameworks",
					"@loader_path/Frameworks",
				);
				PRODUCT_BUNDLE_IDENTIFIER = com.sliamand.RPSUITests;
				PRODUCT_NAME = "$(TARGET_NAME)";
				SWIFT_VERSION = 5.0;
				TARGETED_DEVICE_FAMILY = "1,2";
				TEST_TARGET_NAME = RPS;
			};
			name = Debug;
		};
		C8F8364E27B82DFC003FFF6D /* Release */ = {
			isa = XCBuildConfiguration;
			buildSettings = {
				ALWAYS_EMBED_SWIFT_STANDARD_LIBRARIES = YES;
				CODE_SIGN_STYLE = Automatic;
				DEVELOPMENT_TEAM = ZXWF3WYS4X;
				INFOPLIST_FILE = RPSUITests/Info.plist;
				LD_RUNPATH_SEARCH_PATHS = (
					"$(inherited)",
					"@executable_path/Frameworks",
					"@loader_path/Frameworks",
				);
				PRODUCT_BUNDLE_IDENTIFIER = com.sliamand.RPSUITests;
				PRODUCT_NAME = "$(TARGET_NAME)";
				SWIFT_VERSION = 5.0;
				TARGETED_DEVICE_FAMILY = "1,2";
				TEST_TARGET_NAME = RPS;
			};
			name = Release;
		};
/* End XCBuildConfiguration section */

/* Begin XCConfigurationList section */
		C8F8361727B82DF8003FFF6D /* Build configuration list for PBXProject "RPS" */ = {
			isa = XCConfigurationList;
			buildConfigurations = (
				C8F8364427B82DFC003FFF6D /* Debug */,
				C8F8364527B82DFC003FFF6D /* Release */,
			);
			defaultConfigurationIsVisible = 0;
			defaultConfigurationName = Release;
		};
		C8F8364627B82DFC003FFF6D /* Build configuration list for PBXNativeTarget "RPS" */ = {
			isa = XCConfigurationList;
			buildConfigurations = (
				C8F8364727B82DFC003FFF6D /* Debug */,
				C8F8364827B82DFC003FFF6D /* Release */,
			);
			defaultConfigurationIsVisible = 0;
			defaultConfigurationName = Release;
		};
		C8F8364927B82DFC003FFF6D /* Build configuration list for PBXNativeTarget "RPSTests" */ = {
			isa = XCConfigurationList;
			buildConfigurations = (
				C8F8364A27B82DFC003FFF6D /* Debug */,
				C8F8364B27B82DFC003FFF6D /* Release */,
			);
			defaultConfigurationIsVisible = 0;
			defaultConfigurationName = Release;
		};
		C8F8364C27B82DFC003FFF6D /* Build configuration list for PBXNativeTarget "RPSUITests" */ = {
			isa = XCConfigurationList;
			buildConfigurations = (
				C8F8364D27B82DFC003FFF6D /* Debug */,
				C8F8364E27B82DFC003FFF6D /* Release */,
			);
			defaultConfigurationIsVisible = 0;
			defaultConfigurationName = Release;
		};
/* End XCConfigurationList section */
	};
	rootObject = C8F8361427B82DF8003FFF6D /* Project object */;
}
